
Microsoft Visual Studio Solution File, Format Version 12.00
# Visual Studio 15
VisualStudioVersion = 15.0.27130.2010
MinimumVisualStudioVersion = 10.0.40219.1
Project("{FAE04EC0-301F-11D3-BF4B-00C04F79EFBC}") = "TWHelper", "TWHelper\TWHelper.csproj", "{72AA848B-FBD8-45BC-92FA-D09B07AA6FB6}"
EndProject
Project("{FAE04EC0-301F-11D3-BF4B-00C04F79EFBC}") = "twdb", "twdb\twdb.csproj", "{309666CB-0DA1-4ED6-941A-FF81547581AD}"
EndProject
Project("{FAE04EC0-301F-11D3-BF4B-00C04F79EFBC}") = "TWWeb", "TWWeb\TWWeb.csproj", "{AA447041-7C6D-4C80-9CC7-BC08BDEE5451}"
EndProject
Global
	GlobalSection(SolutionConfigurationPlatforms) = preSolution
		Debug|Any CPU = Debug|Any CPU
		Release|Any CPU = Release|Any CPU
	EndGlobalSection
	GlobalSection(ProjectConfigurationPlatforms) = postSolution
		{72AA848B-FBD8-45BC-92FA-D09B07AA6FB6}.Debug|Any CPU.ActiveCfg = Debug|Any CPU
		{72AA848B-FBD8-45BC-92FA-D09B07AA6FB6}.Debug|Any CPU.Build.0 = Debug|Any CPU
		{72AA848B-FBD8-45BC-92FA-D09B07AA6FB6}.Debug|Any CPU.Deploy.0 = Debug|Any CPU
		{72AA848B-FBD8-45BC-92FA-D09B07AA6FB6}.Release|Any CPU.ActiveCfg = Release|Any CPU
		{72AA848B-FBD8-45BC-92FA-D09B07AA6FB6}.Release|Any CPU.Build.0 = Release|Any CPU
		{72AA848B-FBD8-45BC-92FA-D09B07AA6FB6}.Release|Any CPU.Deploy.0 = Release|Any CPU
		{309666CB-0DA1-4ED6-941A-FF81547581AD}.Debug|Any CPU.ActiveCfg = Debug|Any CPU
		{309666CB-0DA1-4ED6-941A-FF81547581AD}.Debug|Any CPU.Build.0 = Debug|Any CPU
		{309666CB-0DA1-4ED6-941A-FF81547581AD}.Release|Any CPU.ActiveCfg = Release|Any CPU
		{309666CB-0DA1-4ED6-941A-FF81547581AD}.Release|Any CPU.Build.0 = Release|Any CPU
		{AA447041-7C6D-4C80-9CC7-BC08BDEE5451}.Debug|Any CPU.ActiveCfg = Debug|Any CPU
		{AA447041-7C6D-4C80-9CC7-BC08BDEE5451}.Debug|Any CPU.Build.0 = Debug|Any CPU
		{AA447041-7C6D-4C80-9CC7-BC08BDEE5451}.Release|Any CPU.ActiveCfg = Release|Any CPU
		{AA447041-7C6D-4C80-9CC7-BC08BDEE5451}.Release|Any CPU.Build.0 = Release|Any CPU
	EndGlobalSection
	GlobalSection(SolutionProperties) = preSolution
		HideSolutionNode = FALSE
	EndGlobalSection
	GlobalSection(ExtensibilityGlobals) = postSolution
		SolutionGuid = {44DDB2DD-C654-4B22-9E8F-019197B3D5C5}
	EndGlobalSection
EndGlobal
